
Microsoft Visual Studio Solution File, Format Version 12.00
# Visual Studio Version 16
VisualStudioVersion = 16.0.31829.152
MinimumVisualStudioVersion = 10.0.40219.1
Project("{FAE04EC0-301F-11D3-BF4B-00C04F79EFBC}") = "ExamenDeStat", "ExamenDeStat\ExamenDeStat.csproj", "{9D10A581-3C3B-4DBE-83AB-22F5F65EE24E}"
EndProject
Global
	GlobalSection(SolutionConfigurationPlatforms) = preSolution
		Debug|Any CPU = Debug|Any CPU
		Release|Any CPU = Release|Any CPU
	EndGlobalSection
	GlobalSection(ProjectConfigurationPlatforms) = postSolution
		{9D10A581-3C3B-4DBE-83AB-22F5F65EE24E}.Debug|Any CPU.ActiveCfg = Debug|Any CPU
		{9D10A581-3C3B-4DBE-83AB-22F5F65EE24E}.Debug|Any CPU.Build.0 = Debug|Any CPU
		{9D10A581-3C3B-4DBE-83AB-22F5F65EE24E}.Release|Any CPU.ActiveCfg = Release|Any CPU
		{9D10A581-3C3B-4DBE-83AB-22F5F65EE24E}.Release|Any CPU.Build.0 = Release|Any CPU
	EndGlobalSection
	GlobalSection(SolutionProperties) = preSolution
		HideSolutionNode = FALSE
	EndGlobalSection
	GlobalSection(ExtensibilityGlobals) = postSolution
		SolutionGuid = {BB38BE47-07A9-4F23-AA63-1EAC68743089}
	EndGlobalSection
EndGlobal
